Microsoft Visual Studio Solution File, Format Version 12.00
# Visual Studio Version 17
VisualStudioVersion = 17.5.2.0
MinimumVisualStudioVersion = 10.0.40219.1
Project("{FAE04EC0-301F-11D3-BF4B-00C04F79EFBC}") = "URS.Admin", "admin\URS.Admin.csproj", "{CE96C4D9-DA45-0A01-EC44-DE011DC8593B}"
EndProject
Global
	GlobalSection(SolutionConfigurationPlatforms) = preSolution
		Debug|Any CPU = Debug|Any CPU
		Release|Any CPU = Release|Any CPU
	EndGlobalSection
	GlobalSection(ProjectConfigurationPlatforms) = postSolution
		{CE96C4D9-DA45-0A01-EC44-DE011DC8593B}.Debug|Any CPU.ActiveCfg = Debug|Any CPU
		{CE96C4D9-DA45-0A01-EC44-DE011DC8593B}.Debug|Any CPU.Build.0 = Debug|Any CPU
		{CE96C4D9-DA45-0A01-EC44-DE011DC8593B}.Release|Any CPU.ActiveCfg = Release|Any CPU
		{CE96C4D9-DA45-0A01-EC44-DE011DC8593B}.Release|Any CPU.Build.0 = Release|Any CPU
	EndGlobalSection
	GlobalSection(SolutionProperties) = preSolution
		HideSolutionNode = FALSE
	EndGlobalSection
	GlobalSection(ExtensibilityGlobals) = postSolution
		SolutionGuid = {858F62A4-107C-454E-AAE0-F503E50C9348}
	EndGlobalSection
EndGlobal
